
Microsoft Visual Studio Solution File, Format Version 12.00
# Visual Studio 15
VisualStudioVersion = 15.0.26124.0
MinimumVisualStudioVersion = 15.0.26124.0
Project("{FAE04EC0-301F-11D3-BF4B-00C04F79EFBC}") = "HttpBroom.Console", "HttpBroom.Console\HttpBroom.Console.csproj", "{A445844D-28F6-4FB3-B4AE-4BACDC02BB71}"
EndProject
Project("{FAE04EC0-301F-11D3-BF4B-00C04F79EFBC}") = "HttpBroom.Core", "HttpBroom.Core\HttpBroom.Core.csproj", "{82E23ED8-CA79-4F97-9B83-1755B7F9E262}"
EndProject
Global
	GlobalSection(SolutionConfigurationPlatforms) = preSolution
		Debug|Any CPU = Debug|Any CPU
		Debug|x64 = Debug|x64
		Debug|x86 = Debug|x86
		Release|Any CPU = Release|Any CPU
		Release|x64 = Release|x64
		Release|x86 = Release|x86
	EndGlobalSection
	GlobalSection(SolutionProperties) = preSolution
		HideSolutionNode = FALSE
	EndGlobalSection
	GlobalSection(ProjectConfigurationPlatforms) = postSolution
		{A445844D-28F6-4FB3-B4AE-4BACDC02BB71}.Debug|Any CPU.ActiveCfg = Debug|Any CPU
		{A445844D-28F6-4FB3-B4AE-4BACDC02BB71}.Debug|Any CPU.Build.0 = Debug|Any CPU
		{A445844D-28F6-4FB3-B4AE-4BACDC02BB71}.Debug|x64.ActiveCfg = Debug|Any CPU
		{A445844D-28F6-4FB3-B4AE-4BACDC02BB71}.Debug|x64.Build.0 = Debug|Any CPU
		{A445844D-28F6-4FB3-B4AE-4BACDC02BB71}.Debug|x86.ActiveCfg = Debug|Any CPU
		{A445844D-28F6-4FB3-B4AE-4BACDC02BB71}.Debug|x86.Build.0 = Debug|Any CPU
		{A445844D-28F6-4FB3-B4AE-4BACDC02BB71}.Release|Any CPU.ActiveCfg = Release|Any CPU
		{A445844D-28F6-4FB3-B4AE-4BACDC02BB71}.Release|Any CPU.Build.0 = Release|Any CPU
		{A445844D-28F6-4FB3-B4AE-4BACDC02BB71}.Release|x64.ActiveCfg = Release|Any CPU
		{A445844D-28F6-4FB3-B4AE-4BACDC02BB71}.Release|x64.Build.0 = Release|Any CPU
		{A445844D-28F6-4FB3-B4AE-4BACDC02BB71}.Release|x86.ActiveCfg = Release|Any CPU
		{A445844D-28F6-4FB3-B4AE-4BACDC02BB71}.Release|x86.Build.0 = Release|Any CPU
		{82E23ED8-CA79-4F97-9B83-1755B7F9E262}.Debug|Any CPU.ActiveCfg = Debug|Any CPU
		{82E23ED8-CA79-4F97-9B83-1755B7F9E262}.Debug|Any CPU.Build.0 = Debug|Any CPU
		{82E23ED8-CA79-4F97-9B83-1755B7F9E262}.Debug|x64.ActiveCfg = Debug|Any CPU
		{82E23ED8-CA79-4F97-9B83-1755B7F9E262}.Debug|x64.Build.0 = Debug|Any CPU
		{82E23ED8-CA79-4F97-9B83-1755B7F9E262}.Debug|x86.ActiveCfg = Debug|Any CPU
		{82E23ED8-CA79-4F97-9B83-1755B7F9E262}.Debug|x86.Build.0 = Debug|Any CPU
		{82E23ED8-CA79-4F97-9B83-1755B7F9E262}.Release|Any CPU.ActiveCfg = Release|Any CPU
		{82E23ED8-CA79-4F97-9B83-1755B7F9E262}.Release|Any CPU.Build.0 = Release|Any CPU
		{82E23ED8-CA79-4F97-9B83-1755B7F9E262}.Release|x64.ActiveCfg = Release|Any CPU
		{82E23ED8-CA79-4F97-9B83-1755B7F9E262}.Release|x64.Build.0 = Release|Any CPU
		{82E23ED8-CA79-4F97-9B83-1755B7F9E262}.Release|x86.ActiveCfg = Release|Any CPU
		{82E23ED8-CA79-4F97-9B83-1755B7F9E262}.Release|x86.Build.0 = Release|Any CPU
	EndGlobalSection
EndGlobal
